<?xml version="1.0" encoding="utf-8"?>
<Project ToolsVersion="4.0" xmlns="http://schemas.microsoft.com/developer/msbuild/2003">
  <ItemGroup>
    <ClCompile Include="ElementsEngine.cpp">
      <Filter>source</Filter>
    </ClCompile>
    <ClCompile Include="GameObject.cpp">
      <Filter>source</Filter>
    </ClCompile>
    <ClCompile Include="Game.cpp">
      <Filter>source</Filter>
    </ClCompile>
    <ClCompile Include="TestGame.cpp">
      <Filter>source</Filter>
    </ClCompile>
    <ClCompile Include="ImageManager.cpp">
      <Filter>source</Filter>
    </ClCompile>
    <ClCompile Include="SoundBufferManager.cpp">
      <Filter>source</Filter>
    </ClCompile>
    <ClCompile Include="Collision.cpp">
      <Filter>source</Filter>
    </ClCompile>
    <ClCompile Include="TextureManager.cpp">
      <Filter>source</Filter>
    </ClCompile>
    <ClCompile Include="Animation.cpp">
      <Filter>source</Filter>
    </ClCompile>
  </ItemGroup>
  <ItemGroup>
    <None Include="ReadMe.txt" />
  </ItemGroup>
  <ItemGroup>
    <Filter Include="Headers">
      <UniqueIdentifier>{aae93dac-bfeb-4aab-a68a-444871a81390}</UniqueIdentifier>
    </Filter>
    <Filter Include="source">
      <UniqueIdentifier>{f503e7fe-73ea-4e7f-afd8-44f6a3534eb1}</UniqueIdentifier>
    </Filter>
  </ItemGroup>
  <ItemGroup>
    <ClInclude Include="GameObject.h">
      <Filter>Headers</Filter>
    </ClInclude>
    <ClInclude Include="Animation.h">
      <Filter>Headers</Filter>
    </ClInclude>
    <ClInclude Include="Types.h">
      <Filter>Headers</Filter>
    </ClInclude>
    <ClInclude Include="Game.h">
      <Filter>Headers</Filter>
    </ClInclude>
    <ClInclude Include="TestGame.h">
      <Filter>Headers</Filter>
    </ClInclude>
    <ClInclude Include="ImageManager.h">
      <Filter>Headers</Filter>
    </ClInclude>
    <ClInclude Include="SoundBufferManager.h">
      <Filter>Headers</Filter>
    </ClInclude>
    <ClInclude Include="ResourceManager.h">
      <Filter>Headers</Filter>
    </ClInclude>
    <ClInclude Include="Collision.h">
      <Filter>Headers</Filter>
    </ClInclude>
    <ClInclude Include="TextureManager.h">
      <Filter>Headers</Filter>
    </ClInclude>
  </ItemGroup>
</Project>